{
  "version": "5",
  "remote": {
    "https://edge.netlify.com/": "fd941d61d88673d5f28aab283fb86fcc50f08a3bc80ee5470498fcfa88c65cfb",
    "https://edge.netlify.com/bootstrap/config.ts": "6a2ce0e544e15e8f8883a5c18da5948e37fd0f2619f68cb31f3af53c51817025",
    "https://edge.netlify.com/bootstrap/context.ts": "e97240232121e2f369f6546ce961490f34d961ea1ea54be3ff09633e3f08373f",
    "https://edge.netlify.com/bootstrap/cookie.ts": "8b0baae708989ca183c6f3b4ab3d029e6abcbc2e43f93edeb0ff447b3bbc3a05",
    "https://edge.netlify.com/bootstrap/edge_function.ts": "b8253e86aa83c67341f5cfedeba5049d77fbf84dcab7eceff7566b7728ae9b39",
    "https://edge.netlify.com/bootstrap/globals/types.ts": "eaa6148ded3121d8dee62dd91c86e7fe76601df0f3ca8d7962243a30f4c8935f"
  },
  "workspace": {
    "packageJson": {
      "dependencies": [
        "npm:prettier@^3.7.4",
        "npm:turbo@^2.9.15",
        "npm:typescript@5.9.2"
      ],
      "overrides": {
        "react": "19.2.6",
        "react-dom": "19.2.6"
      }
    },
    "members": {
      "apps/mobile": {
        "packageJson": {
          "dependencies": [
            "npm:@babel/core@^7.25.2",
            "npm:@expo/vector-icons@14",
            "npm:@react-native-async-storage/async-storage@2.2.0",
            "npm:@repo/shared@*",
            "npm:@repo/typescript-config@*",
            "npm:@supabase/supabase-js@^2.45.0",
            "npm:@types/react@~19.2.2",
            "npm:expo-av@~15.1.7",
            "npm:expo-camera@~16.1.6",
            "npm:expo-constants@~17.0.8",
            "npm:expo-device@~7.1.4",
            "npm:expo-file-system@~18.1.10",
            "npm:expo-notifications@~0.29.14",
            "npm:expo-router@~4.0.17",
            "npm:expo-status-bar@~56.0.4",
            "npm:expo-video@~2.1.8",
            "npm:expo@~56.0.5",
            "npm:react-native-gesture-handler@2.24",
            "npm:react-native-reanimated@~3.17.4",
            "npm:react-native-safe-area-context@5.4.0",
            "npm:react-native-screens@4.10",
            "npm:react-native-url-polyfill@2",
            "npm:react-native@0.85.3",
            "npm:react@19.2.6",
            "npm:typescript@~6.0.3",
            "npm:uuid@11"
          ]
        }
      },
      "apps/web": {
        "packageJson": {
          "dependencies": [
            "npm:@anthropic-ai/sdk@0.35",
            "npm:@netlify/plugin-nextjs@^5.15.11",
            "npm:@repo/eslint-config@*",
            "npm:@repo/shared@*",
            "npm:@repo/typescript-config@*",
            "npm:@supabase/ssr@~0.5.2",
            "npm:@supabase/supabase-js@^2.106.2",
            "npm:@types/node@^22.15.3",
            "npm:@types/react-dom@19",
            "npm:@types/react@19",
            "npm:autoprefixer@^10.5.0",
            "npm:eslint@^9.39.1",
            "npm:next@15.3.2",
            "npm:openai@^4.104.0",
            "npm:postcss@^8.4.31",
            "npm:react-dom@19",
            "npm:react@19",
            "npm:tailwindcss@^3.4.19",
            "npm:typescript@5.9.2",
            "npm:zod@^3.25.76"
          ]
        }
      },
      "packages/eslint-config": {
        "packageJson": {
          "dependencies": [
            "npm:@eslint/js@^9.39.1",
            "npm:@next/eslint-plugin-next@^16.2.0",
            "npm:eslint-config-prettier@^10.1.1",
            "npm:eslint-plugin-only-warn@^1.1.0",
            "npm:eslint-plugin-react-hooks@^5.2.0",
            "npm:eslint-plugin-react@^7.37.5",
            "npm:eslint-plugin-turbo@^2.7.1",
            "npm:eslint@^9.39.1",
            "npm:globals@^16.5.0",
            "npm:typescript-eslint@^8.50.0",
            "npm:typescript@^5.9.2"
          ]
        }
      },
      "packages/shared": {
        "packageJson": {
          "dependencies": [
            "npm:@repo/typescript-config@*",
            "npm:typescript@5.9.2"
          ]
        }
      },
      "packages/ui": {
        "packageJson": {
          "dependencies": [
            "npm:@repo/eslint-config@*",
            "npm:@repo/typescript-config@*",
            "npm:@types/node@^22.15.3",
            "npm:@types/react-dom@19.2.2",
            "npm:@types/react@19.2.2",
            "npm:eslint@^9.39.1",
            "npm:react-dom@^19.2.0",
            "npm:react@^19.2.0",
            "npm:typescript@5.9.2"
          ]
        }
      }
    }
  }
}
